
Microsoft Visual Studio Solution File, Format Version 12.00
# Visual Studio 15
VisualStudioVersion = 15.0.27130.2010
MinimumVisualStudioVersion = 10.0.40219.1
Project("{8BC9CEB8-8B4A-11D0-8D11-00A0C91BC942}") = "Les 1.1", "Les 1.1\Les 1.1.vcxproj", "{07A898C7-21C0-43BA-A61C-47197A7D97E9}"
EndProject
Project("{2150E333-8FDC-42A3-9474-1A3956D46DE8}") = "Solution Items", "Solution Items", "{C68C3383-59A7-41E0-8933-475377331003}"
	ProjectSection(SolutionItems) = preProject
		main.c = main.c
	EndProjectSection
EndProject
Global
	GlobalSection(SolutionConfigurationPlatforms) = preSolution
		Debug|x64 = Debug|x64
		Debug|x86 = Debug|x86
		Release|x64 = Release|x64
		Release|x86 = Release|x86
	EndGlobalSection
	GlobalSection(ProjectConfigurationPlatforms) = postSolution
		{07A898C7-21C0-43BA-A61C-47197A7D97E9}.Debug|x64.ActiveCfg = Debug|x64
		{07A898C7-21C0-43BA-A61C-47197A7D97E9}.Debug|x64.Build.0 = Debug|x64
		{07A898C7-21C0-43BA-A61C-47197A7D97E9}.Debug|x86.ActiveCfg = Debug|Win32
		{07A898C7-21C0-43BA-A61C-47197A7D97E9}.Debug|x86.Build.0 = Debug|Win32
		{07A898C7-21C0-43BA-A61C-47197A7D97E9}.Release|x64.ActiveCfg = Release|x64
		{07A898C7-21C0-43BA-A61C-47197A7D97E9}.Release|x64.Build.0 = Release|x64
		{07A898C7-21C0-43BA-A61C-47197A7D97E9}.Release|x86.ActiveCfg = Release|Win32
		{07A898C7-21C0-43BA-A61C-47197A7D97E9}.Release|x86.Build.0 = Release|Win32
	EndGlobalSection
	GlobalSection(SolutionProperties) = preSolution
		HideSolutionNode = FALSE
	EndGlobalSection
	GlobalSection(ExtensibilityGlobals) = postSolution
		SolutionGuid = {998183E8-D826-4F6B-A23F-5ADC71A72910}
	EndGlobalSection
EndGlobal
